
Microsoft Visual Studio Solution File, Format Version 12.00
# Visual Studio Version 16
VisualStudioVersion = 16.0.31205.134
MinimumVisualStudioVersion = 10.0.40219.1
Project("{FAE04EC0-301F-11D3-BF4B-00C04F79EFBC}") = "GastoProject.API", ".\GastoProject.API\GastoProject.API.csproj", "{5BCA1E8D-403E-42F8-9E42-ABDB057500BB}"
EndProject
Project("{FAE04EC0-301F-11D3-BF4B-00C04F79EFBC}") = "GastoProject.DATA", ".\GastoProject.DATA\GastoProject.DATA.csproj", "{021F4362-917E-4163-9BC4-28DAC6AD1AD9}"
EndProject
Global
	GlobalSection(SolutionConfigurationPlatforms) = preSolution
		Debug|Any CPU = Debug|Any CPU
		Release|Any CPU = Release|Any CPU
	EndGlobalSection
	GlobalSection(ProjectConfigurationPlatforms) = postSolution
		{5BCA1E8D-403E-42F8-9E42-ABDB057500BB}.Debug|Any CPU.ActiveCfg = Debug|Any CPU
		{5BCA1E8D-403E-42F8-9E42-ABDB057500BB}.Debug|Any CPU.Build.0 = Debug|Any CPU
		{5BCA1E8D-403E-42F8-9E42-ABDB057500BB}.Release|Any CPU.ActiveCfg = Release|Any CPU
		{5BCA1E8D-403E-42F8-9E42-ABDB057500BB}.Release|Any CPU.Build.0 = Release|Any CPU
		{021F4362-917E-4163-9BC4-28DAC6AD1AD9}.Debug|Any CPU.ActiveCfg = Debug|Any CPU
		{021F4362-917E-4163-9BC4-28DAC6AD1AD9}.Debug|Any CPU.Build.0 = Debug|Any CPU
		{021F4362-917E-4163-9BC4-28DAC6AD1AD9}.Release|Any CPU.ActiveCfg = Release|Any CPU
		{021F4362-917E-4163-9BC4-28DAC6AD1AD9}.Release|Any CPU.Build.0 = Release|Any CPU
	EndGlobalSection
	GlobalSection(SolutionProperties) = preSolution
		HideSolutionNode = FALSE
	EndGlobalSection
	GlobalSection(ExtensibilityGlobals) = postSolution
		SolutionGuid = {6A877F3C-F6B4-4CF9-9EFC-FC2A4E64CC7F}
	EndGlobalSection
EndGlobal
